// !$*UTF8*$!
{
	archiveVersion = 1;
	classes = {
	};
	objectVersion = 60;
	objects = {

/* Begin PBXBuildFile section */
		6CA3EC6960EF91290482F9E6 /* IdentifiedCollections in Frameworks */ = {isa = PBXBuildFile; productRef = 94700432F45F37D7063F3D84 /* IdentifiedCollections */; };
		AD9FC335D450BE217153DE9F /* ComposableArchitecture in Frameworks */ = {isa = PBXBuildFile; productRef = 2026D34F63103DE1286FB58D /* ComposableArchitecture */; };
		D2599A3887566186328DD06A /* TCAFlow in Frameworks */ = {isa = PBXBuildFile; productRef = C69E762E360A2F4CF6D0D114 /* TCAFlow */; };
		F2E1B5B534766F304A5D480E /* TCAFlowExamplesApp.swift in Sources */ = {isa = PBXBuildFile; fileRef = 9478151520EBA343D429B491 /* TCAFlowExamplesApp.swift */; };
/* End PBXBuildFile section */

/* Begin PBXCopyFilesBuildPhase section */
		F68594E008B8369002F6CC0D /* Embed Frameworks */ = {
			isa = PBXCopyFilesBuildPhase;
			buildActionMask = 2147483647;
			dstPath = "";
			dstSubfolderSpec = 10;
			files = (
			);
			name = "Embed Frameworks";
			runOnlyForDeploymentPostprocessing = 0;
		};
/* End PBXCopyFilesBuildPhase section */

/* Begin PBXFileReference section */
		257EDB19611523568C091C51 /* TCAFlow */ = {isa = PBXFileReference; lastKnownFileType = folder; name = TCAFlow; path = ../..; sourceTree = "<group>"; };
		9478151520EBA343D429B491 /* TCAFlowExamplesApp.swift */ = {isa = PBXFileReference; lastKnownFileType = sourcecode.swift; path = TCAFlowExamplesApp.swift; sourceTree = "<group>"; };
		9F97BEA477CA1EBEABA7F79E /* TCAFlowExamples-Info.plist */ = {isa = PBXFileReference; lastKnownFileType = text.plist; path = "TCAFlowExamples-Info.plist"; sourceTree = "<group>"; };
		C73A07C36A59F1F207F9D7D6 /* TCAFlowExamples.app */ = {isa = PBXFileReference; explicitFileType = wrapper.application; includeInIndex = 0; path = TCAFlowExamples.app; sourceTree = BUILT_PRODUCTS_DIR; };
/* End PBXFileReference section */

/* Begin PBXFrameworksBuildPhase section */
		3EAB525BB5021CA43598227C /* Frameworks */ = {
			isa = PBXFrameworksBuildPhase;
			buildActionMask = 2147483647;
			files = (
				D2599A3887566186328DD06A /* TCAFlow in Frameworks */,
				AD9FC335D450BE217153DE9F /* ComposableArchitecture in Frameworks */,
				6CA3EC6960EF91290482F9E6 /* IdentifiedCollections in Frameworks */,
			);
			runOnlyForDeploymentPostprocessing = 0;
		};
/* End PBXFrameworksBuildPhase section */

/* Begin PBXGroup section */
		5D5672BF4F6629D568164D45 /* Products */ = {
			isa = PBXGroup;
			children = (
				C73A07C36A59F1F207F9D7D6 /* TCAFlowExamples.app */,
			);
			name = Products;
			sourceTree = "<group>";
		};
		6523899D70AA115092F1C44A /* Packages */ = {
			isa = PBXGroup;
			children = (
				257EDB19611523568C091C51 /* TCAFlow */,
			);
			name = Packages;
			sourceTree = "<group>";
		};
		6830BDB436C3C7FA54ECEB94 = {
			isa = PBXGroup;
			children = (
				789738181AD67A0C967F0824 /* Project */,
				5D5672BF4F6629D568164D45 /* Products */,
				6523899D70AA115092F1C44A /* Packages */,
			);
			sourceTree = "<group>";
		};
		7499A1323F5EAA09F8CB6657 /* TCAFlowExamples */ = {
			isa = PBXGroup;
			children = (
				9478151520EBA343D429B491 /* TCAFlowExamplesApp.swift */,
			);
			path = TCAFlowExamples;
			sourceTree = "<group>";
		};
		789738181AD67A0C967F0824 /* Project */ = {
			isa = PBXGroup;
			children = (
				C213593284BFA266BD5F79F1 /* Derived */,
				7499A1323F5EAA09F8CB6657 /* TCAFlowExamples */,
			);
			name = Project;
			sourceTree = "<group>";
		};
		C213593284BFA266BD5F79F1 /* Derived */ = {
			isa = PBXGroup;
			children = (
				C251E32E71C401B654F4BC32 /* InfoPlists */,
			);
			path = Derived;
			sourceTree = "<group>";
		};
		C251E32E71C401B654F4BC32 /* InfoPlists */ = {
			isa = PBXGroup;
			children = (
				9F97BEA477CA1EBEABA7F79E /* TCAFlowExamples-Info.plist */,
			);
			path = InfoPlists;
			sourceTree = "<group>";
		};
/* End PBXGroup section */

/* Begin PBXNativeTarget section */
		2DA01A4E380C2C4DB81FCC89 /* TCAFlowExamples */ = {
			isa = PBXNativeTarget;
			buildConfigurationList = 47E075DF49E28009E6951CE4 /* Build configuration list for PBXNativeTarget "TCAFlowExamples" */;
			buildPhases = (
				9F0D82ACA34E87CE982AEB1B /* Sources */,
				A567AA86BEA466833AF1CD75 /* Resources */,
				3EAB525BB5021CA43598227C /* Frameworks */,
				F68594E008B8369002F6CC0D /* Embed Frameworks */,
			);
			buildRules = (
			);
			dependencies = (
			);
			name = TCAFlowExamples;
			packageProductDependencies = (
				C69E762E360A2F4CF6D0D114 /* TCAFlow */,
				2026D34F63103DE1286FB58D /* ComposableArchitecture */,
				94700432F45F37D7063F3D84 /* IdentifiedCollections */,
			);
			productName = TCAFlowExamples;
			productReference = C73A07C36A59F1F207F9D7D6 /* TCAFlowExamples.app */;
			productType = "com.apple.product-type.application";
		};
/* End PBXNativeTarget section */

/* Begin PBXProject section */
		4349070F27D04D88E37820B5 /* Project object */ = {
			isa = PBXProject;
			attributes = {
				BuildIndependentTargetsInParallel = YES;
				LastUpgradeCheck = 2630;
			};
			buildConfigurationList = 5FAD5EAF0C743D71FD6BCA41 /* Build configuration list for PBXProject "TCAFlowExamples" */;
			compatibilityVersion = "Xcode 14.0";
			developmentRegion = en;
			hasScannedForEncodings = 0;
			knownRegions = (
				Base,
				en,
			);
			mainGroup = 6830BDB436C3C7FA54ECEB94;
			packageReferences = (
				B757D2E5FC0AF2AA141EAB71 /* XCRemoteSwiftPackageReference "swift-composable-architecture" */,
				8678CA4F5BCFAEF44BFBA0D8 /* XCRemoteSwiftPackageReference "swift-identified-collections" */,
				C9687812C6D989FB8C38A2E1 /* XCLocalSwiftPackageReference "../.." */,
			);
			productRefGroup = 5D5672BF4F6629D568164D45 /* Products */;
			projectDirPath = "";
			projectRoot = "";
			targets = (
				2DA01A4E380C2C4DB81FCC89 /* TCAFlowExamples */,
			);
		};
/* End PBXProject section */

/* Begin PBXResourcesBuildPhase section */
		A567AA86BEA466833AF1CD75 /* Resources */ = {
			isa = PBXResourcesBuildPhase;
			buildActionMask = 2147483647;
			files = (
			);
			runOnlyForDeploymentPostprocessing = 0;
		};
/* End PBXResourcesBuildPhase section */

/* Begin PBXSourcesBuildPhase section */
		9F0D82ACA34E87CE982AEB1B /* Sources */ = {
			isa = PBXSourcesBuildPhase;
			buildActionMask = 2147483647;
			files = (
				F2E1B5B534766F304A5D480E /* TCAFlowExamplesApp.swift in Sources */,
			);
			runOnlyForDeploymentPostprocessing = 0;
		};
/* End PBXSourcesBuildPhase section */

/* Begin XCBuildConfiguration section */
		226B269003743E925BFD88B0 /* Release */ = {
			isa = XCBuildConfiguration;
			buildSettings = {
				ASSETCATALOG_COMPILER_APPICON_NAME = AppIcon;
				ASSETCATALOG_COMPILER_GLOBAL_ACCENT_COLOR_NAME = AccentColor;
				CODE_SIGN_IDENTITY = "iPhone Developer";
				ENABLE_DEBUG_DYLIB = NO;
				ENABLE_PREVIEWS = YES;
				INFOPLIST_FILE = "Derived/InfoPlists/TCAFlowExamples-Info.plist";
				IPHONEOS_DEPLOYMENT_TARGET = 17.0;
				LD_RUNPATH_SEARCH_PATHS = (
					"$(inherited)",
					"@executable_path/Frameworks",
				);
				PRODUCT_BUNDLE_IDENTIFIER = dev.tcaflow.examples;
				PRODUCT_NAME = TCAFlowExamples;
				SDKROOT = iphoneos;
				SUPPORTS_MACCATALYST = NO;
				SUPPORTS_MAC_DESIGNED_FOR_IPHONE_IPAD = YES;
				SUPPORTS_XR_DESIGNED_FOR_IPHONE_IPAD = NO;
								SWIFT_COMPILATION_MODE = wholemodule;
				SWIFT_OPTIMIZATION_LEVEL = "-O";
				SWIFT_STRICT_CONCURRENCY = targeted;
				SWIFT_VERSION = 6;
				TARGETED_DEVICE_FAMILY = "1,2";
			};
			name = Release;
		};
		5F7A67ADEDFFB40ED1C1A6EE /* Release */ = {
			isa = XCBuildConfiguration;
			buildSettings = {
				ALWAYS_SEARCH_USER_PATHS = NO;
				CLANG_ANALYZER_LOCALIZABILITY_NONLOCALIZED = YES;
				CLANG_ANALYZER_NONNULL = YES;
				CLANG_ANALYZER_NUMBER_OBJECT_CONVERSION = YES_AGGRESSIVE;
				CLANG_CXX_LANGUAGE_STANDARD = "gnu++14";
				CLANG_CXX_LIBRARY = "libc++";
				CLANG_ENABLE_MODULES = YES;
				CLANG_ENABLE_OBJC_ARC = YES;
				CLANG_ENABLE_OBJC_WEAK = YES;
				CLANG_WARN_BLOCK_CAPTURE_AUTORELEASING = YES;
				CLANG_WARN_BOOL_CONVERSION = YES;
				CLANG_WARN_COMMA = YES;
				CLANG_WARN_CONSTANT_CONVERSION = YES;
				CLANG_WARN_DEPRECATED_OBJC_IMPLEMENTATIONS = YES;
				CLANG_WARN_DIRECT_OBJC_ISA_USAGE = YES_ERROR;
				CLANG_WARN_DOCUMENTATION_COMMENTS = YES;
				CLANG_WARN_EMPTY_BODY = YES;
				CLANG_WARN_ENUM_CONVERSION = YES;
				CLANG_WARN_INFINITE_RECURSION = YES;
				CLANG_WARN_INT_CONVERSION = YES;
				CLANG_WARN_NON_LITERAL_NULL_CONVERSION = YES;
				CLANG_WARN_OBJC_IMPLICIT_RETAIN_SELF = YES;
				CLANG_WARN_OBJC_LITERAL_CONVERSION = YES;
				CLANG_WARN_OBJC_ROOT_CLASS = YES_ERROR;
				CLANG_WARN_QUOTED_INCLUDE_IN_FRAMEWORK_HEADER = YES;
				CLANG_WARN_RANGE_LOOP_ANALYSIS = YES;
				CLANG_WARN_STRICT_PROTOTYPES = YES;
				CLANG_WARN_SUSPICIOUS_MOVE = YES;
				CLANG_WARN_UNGUARDED_AVAILABILITY = YES_AGGRESSIVE;
				CLANG_WARN_UNREACHABLE_CODE = YES;
				CLANG_WARN__DUPLICATE_METHOD_MATCH = YES;
				COPY_PHASE_STRIP = NO;
				DEAD_CODE_STRIPPING = YES;
				DEBUG_INFORMATION_FORMAT = "dwarf-with-dsym";
				ENABLE_NS_ASSERTIONS = NO;
				ENABLE_STRICT_OBJC_MSGSEND = YES;
				ENABLE_USER_SCRIPT_SANDBOXING = YES;
				GCC_C_LANGUAGE_STANDARD = gnu11;
				GCC_NO_COMMON_BLOCKS = YES;
				GCC_WARN_64_TO_32_BIT_CONVERSION = YES;
				GCC_WARN_ABOUT_RETURN_TYPE = YES_ERROR;
				GCC_WARN_UNDECLARED_SELECTOR = YES;
				GCC_WARN_UNINITIALIZED_AUTOS = YES_AGGRESSIVE;
				GCC_WARN_UNUSED_FUNCTION = YES;
				GCC_WARN_UNUSED_VARIABLE = YES;
				MTL_ENABLE_DEBUG_INFO = NO;
				PRODUCT_NAME = "$(TARGET_NAME)";
				STRING_CATALOG_GENERATE_SYMBOLS = YES;
				VALIDATE_PRODUCT = YES;
			};
			name = Release;
		};
		7598B8A2998B5376A25E1918 /* Debug */ = {
			isa = XCBuildConfiguration;
			buildSettings = {
				ASSETCATALOG_COMPILER_APPICON_NAME = AppIcon;
				ASSETCATALOG_COMPILER_GLOBAL_ACCENT_COLOR_NAME = AccentColor;
				CODE_SIGN_IDENTITY = "iPhone Developer";
				ENABLE_DEBUG_DYLIB = NO;
				ENABLE_PREVIEWS = YES;
				INFOPLIST_FILE = "Derived/InfoPlists/TCAFlowExamples-Info.plist";
				IPHONEOS_DEPLOYMENT_TARGET = 17.0;
				LD_RUNPATH_SEARCH_PATHS = (
					"$(inherited)",
					"@executable_path/Frameworks",
				);
				PRODUCT_BUNDLE_IDENTIFIER = dev.tcaflow.examples;
				PRODUCT_NAME = TCAFlowExamples;
				SDKROOT = iphoneos;
				SUPPORTS_MACCATALYST = NO;
				SUPPORTS_MAC_DESIGNED_FOR_IPHONE_IPAD = YES;
				SUPPORTS_XR_DESIGNED_FOR_IPHONE_IPAD = NO;
				SWIFT_ACTIVE_COMPILATION_CONDITIONS = "$(inherited) DEBUG";
								SWIFT_COMPILATION_MODE = singlefile;
				SWIFT_OPTIMIZATION_LEVEL = "-Onone";
				SWIFT_STRICT_CONCURRENCY = targeted;
				SWIFT_VERSION = 6;
				TARGETED_DEVICE_FAMILY = "1,2";
			};
			name = Debug;
		};
		83C2D715CD56F03BB7F8A5F6 /* Debug */ = {
			isa = XCBuildConfiguration;
			buildSettings = {
				ALWAYS_SEARCH_USER_PATHS = NO;
				CLANG_ANALYZER_LOCALIZABILITY_NONLOCALIZED = YES;
				CLANG_ANALYZER_NONNULL = YES;
				CLANG_ANALYZER_NUMBER_OBJECT_CONVERSION = YES_AGGRESSIVE;
				CLANG_CXX_LANGUAGE_STANDARD = "gnu++14";
				CLANG_CXX_LIBRARY = "libc++";
				CLANG_ENABLE_MODULES = YES;
				CLANG_ENABLE_OBJC_ARC = YES;
				CLANG_ENABLE_OBJC_WEAK = YES;
				CLANG_WARN_BLOCK_CAPTURE_AUTORELEASING = YES;
				CLANG_WARN_BOOL_CONVERSION = YES;
				CLANG_WARN_COMMA = YES;
				CLANG_WARN_CONSTANT_CONVERSION = YES;
				CLANG_WARN_DEPRECATED_OBJC_IMPLEMENTATIONS = YES;
				CLANG_WARN_DIRECT_OBJC_ISA_USAGE = YES_ERROR;
				CLANG_WARN_DOCUMENTATION_COMMENTS = YES;
				CLANG_WARN_EMPTY_BODY = YES;
				CLANG_WARN_ENUM_CONVERSION = YES;
				CLANG_WARN_INFINITE_RECURSION = YES;
				CLANG_WARN_INT_CONVERSION = YES;
				CLANG_WARN_NON_LITERAL_NULL_CONVERSION = YES;
				CLANG_WARN_OBJC_IMPLICIT_RETAIN_SELF = YES;
				CLANG_WARN_OBJC_LITERAL_CONVERSION = YES;
				CLANG_WARN_OBJC_ROOT_CLASS = YES_ERROR;
				CLANG_WARN_QUOTED_INCLUDE_IN_FRAMEWORK_HEADER = YES;
				CLANG_WARN_RANGE_LOOP_ANALYSIS = YES;
				CLANG_WARN_STRICT_PROTOTYPES = YES;
				CLANG_WARN_SUSPICIOUS_MOVE = YES;
				CLANG_WARN_UNGUARDED_AVAILABILITY = YES_AGGRESSIVE;
				CLANG_WARN_UNREACHABLE_CODE = YES;
				CLANG_WARN__DUPLICATE_METHOD_MATCH = YES;
				COPY_PHASE_STRIP = NO;
				DEAD_CODE_STRIPPING = YES;
				DEBUG_INFORMATION_FORMAT = dwarf;
				ENABLE_STRICT_OBJC_MSGSEND = YES;
				ENABLE_TESTABILITY = YES;
				ENABLE_USER_SCRIPT_SANDBOXING = YES;
				GCC_C_LANGUAGE_STANDARD = gnu11;
				GCC_DYNAMIC_NO_PIC = NO;
				GCC_NO_COMMON_BLOCKS = YES;
				GCC_OPTIMIZATION_LEVEL = 0;
				GCC_PREPROCESSOR_DEFINITIONS = (
					"DEBUG=1",
					"$(inherited)",
				);
				GCC_WARN_64_TO_32_BIT_CONVERSION = YES;
				GCC_WARN_ABOUT_RETURN_TYPE = YES_ERROR;
				GCC_WARN_UNDECLARED_SELECTOR = YES;
				GCC_WARN_UNINITIALIZED_AUTOS = YES_AGGRESSIVE;
				GCC_WARN_UNUSED_FUNCTION = YES;
				GCC_WARN_UNUSED_VARIABLE = YES;
				MTL_ENABLE_DEBUG_INFO = YES;
				ONLY_ACTIVE_ARCH = YES;
				PRODUCT_NAME = "$(TARGET_NAME)";
				STRING_CATALOG_GENERATE_SYMBOLS = YES;
			};
			name = Debug;
		};
/* End XCBuildConfiguration section */

/* Begin XCConfigurationList section */
		47E075DF49E28009E6951CE4 /* Build configuration list for PBXNativeTarget "TCAFlowExamples" */ = {
			isa = XCConfigurationList;
			buildConfigurations = (
				7598B8A2998B5376A25E1918 /* Debug */,
				226B269003743E925BFD88B0 /* Release */,
			);
			defaultConfigurationIsVisible = 0;
			defaultConfigurationName = Release;
		};
		5FAD5EAF0C743D71FD6BCA41 /* Build configuration list for PBXProject "TCAFlowExamples" */ = {
			isa = XCConfigurationList;
			buildConfigurations = (
				83C2D715CD56F03BB7F8A5F6 /* Debug */,
				5F7A67ADEDFFB40ED1C1A6EE /* Release */,
			);
			defaultConfigurationIsVisible = 0;
			defaultConfigurationName = Release;
		};
/* End XCConfigurationList section */

/* Begin XCLocalSwiftPackageReference section */
		C9687812C6D989FB8C38A2E1 /* XCLocalSwiftPackageReference "../.." */ = {
			isa = XCLocalSwiftPackageReference;
			relativePath = ../..;
		};
/* End XCLocalSwiftPackageReference section */

/* Begin XCRemoteSwiftPackageReference section */
		8678CA4F5BCFAEF44BFBA0D8 /* XCRemoteSwiftPackageReference "swift-identified-collections" */ = {
			isa = XCRemoteSwiftPackageReference;
			repositoryURL = "https://github.com/pointfreeco/swift-identified-collections";
			requirement = {
				kind = upToNextMajorVersion;
				minimumVersion = 1.1.1;
			};
		};
		B757D2E5FC0AF2AA141EAB71 /* XCRemoteSwiftPackageReference "swift-composable-architecture" */ = {
			isa = XCRemoteSwiftPackageReference;
			repositoryURL = "https://github.com/pointfreeco/swift-composable-architecture";
			requirement = {
				kind = upToNextMajorVersion;
				minimumVersion = 1.25.5;
			};
		};
/* End XCRemoteSwiftPackageReference section */

/* Begin XCSwiftPackageProductDependency section */
		2026D34F63103DE1286FB58D /* ComposableArchitecture */ = {
			isa = XCSwiftPackageProductDependency;
			productName = ComposableArchitecture;
		};
		94700432F45F37D7063F3D84 /* IdentifiedCollections */ = {
			isa = XCSwiftPackageProductDependency;
			productName = IdentifiedCollections;
		};
		C69E762E360A2F4CF6D0D114 /* TCAFlow */ = {
			isa = XCSwiftPackageProductDependency;
			productName = TCAFlow;
		};
/* End XCSwiftPackageProductDependency section */
	};
	rootObject = 4349070F27D04D88E37820B5 /* Project object */;
}
